
Microsoft Visual Studio Solution File, Format Version 12.00
# Visual Studio Version 17
VisualStudioVersion = 17.13.35818.85
MinimumVisualStudioVersion = 10.0.40219.1
Project("{2150E333-8FDC-42A3-9474-1A3956D46DE8}") = "API", "API", "{02EA681E-C7D8-13C7-8484-4AC65E1B71E8}"
EndProject
Project("{2150E333-8FDC-42A3-9474-1A3956D46DE8}") = "UI", "UI", "{EFDAB8CE-9603-461A-B27D-8AF112180C4B}"
EndProject
Project("{FAE04EC0-301F-11D3-BF4B-00C04F79EFBC}") = "APIHotelMan.WebAPI", "API\APIHotelMan.WebAPI\APIHotelMan.WebAPI.csproj", "{B6D31D27-91AE-4EB0-BDFB-B2ED28653F85}"
EndProject
Project("{FAE04EC0-301F-11D3-BF4B-00C04F79EFBC}") = "APIHotelMan.EntityLayer", "API\APIHotelMan.EntityLayer\APIHotelMan.EntityLayer.csproj", "{124CC9D0-3D40-4164-A1E7-D26548D65001}"
EndProject
Project("{FAE04EC0-301F-11D3-BF4B-00C04F79EFBC}") = "APIHotelMan.DataAccessLayer", "API\APIHotelMan.DataAccessLayer\APIHotelMan.DataAccessLayer.csproj", "{72DC78EC-9E03-4910-A86F-364D1EFDFA8F}"
EndProject
Project("{FAE04EC0-301F-11D3-BF4B-00C04F79EFBC}") = "APIHotelMan.BusinessLayer", "API\APIHotelMan.BusinessLayer\APIHotelMan.BusinessLayer.csproj", "{7F01140B-E725-4B66-B164-1F04DD225EAE}"
EndProject
Project("{FAE04EC0-301F-11D3-BF4B-00C04F79EFBC}") = "APIHotelMan.DtoLayer", "API\APIHotelMan.DtoLayer\APIHotelMan.DtoLayer.csproj", "{0AF77866-8883-4C5D-9F3C-DFF6ECF32A05}"
EndProject
Project("{FAE04EC0-301F-11D3-BF4B-00C04F79EFBC}") = "APIHotelMan.WebUI", "UI\APIHotelMan.WebUI\APIHotelMan.WebUI.csproj", "{39C98F78-2A7A-4954-AAC3-856206662CD9}"
EndProject
Project("{2150E333-8FDC-42A3-9474-1A3956D46DE8}") = "RapidAPI", "RapidAPI", "{B337CA00-C59A-4FBA-AEB7-85D8EE35EC31}"
EndProject
Project("{FAE04EC0-301F-11D3-BF4B-00C04F79EFBC}") = "RapidAPIConsume", "RapidAPIConsume\RapidAPIConsume.csproj", "{14E3FE76-4313-41F3-963F-5FF28112412E}"
EndProject
Project("{2150E333-8FDC-42A3-9474-1A3956D46DE8}") = "JWT", "JWT", "{E1D61CA7-C56E-4282-8FD8-E838BC1087B0}"
EndProject
Project("{FAE04EC0-301F-11D3-BF4B-00C04F79EFBC}") = "WebAPIJWT", "JWT\WebAPIJWT\WebAPIJWT.csproj", "{D748C02B-AC30-49CC-853C-F7488ADEE56E}"
EndProject
Global
	GlobalSection(SolutionConfigurationPlatforms) = preSolution
		Debug|Any CPU = Debug|Any CPU
		Release|Any CPU = Release|Any CPU
	EndGlobalSection
	GlobalSection(ProjectConfigurationPlatforms) = postSolution
		{B6D31D27-91AE-4EB0-BDFB-B2ED28653F85}.Debug|Any CPU.ActiveCfg = Debug|Any CPU
		{B6D31D27-91AE-4EB0-BDFB-B2ED28653F85}.Debug|Any CPU.Build.0 = Debug|Any CPU
		{B6D31D27-91AE-4EB0-BDFB-B2ED28653F85}.Release|Any CPU.ActiveCfg = Release|Any CPU
		{B6D31D27-91AE-4EB0-BDFB-B2ED28653F85}.Release|Any CPU.Build.0 = Release|Any CPU
		{124CC9D0-3D40-4164-A1E7-D26548D65001}.Debug|Any CPU.ActiveCfg = Debug|Any CPU
		{124CC9D0-3D40-4164-A1E7-D26548D65001}.Debug|Any CPU.Build.0 = Debug|Any CPU
		{124CC9D0-3D40-4164-A1E7-D26548D65001}.Release|Any CPU.ActiveCfg = Release|Any CPU
		{124CC9D0-3D40-4164-A1E7-D26548D65001}.Release|Any CPU.Build.0 = Release|Any CPU
		{72DC78EC-9E03-4910-A86F-364D1EFDFA8F}.Debug|Any CPU.ActiveCfg = Debug|Any CPU
		{72DC78EC-9E03-4910-A86F-364D1EFDFA8F}.Debug|Any CPU.Build.0 = Debug|Any CPU
		{72DC78EC-9E03-4910-A86F-364D1EFDFA8F}.Release|Any CPU.ActiveCfg = Release|Any CPU
		{72DC78EC-9E03-4910-A86F-364D1EFDFA8F}.Release|Any CPU.Build.0 = Release|Any CPU
		{7F01140B-E725-4B66-B164-1F04DD225EAE}.Debug|Any CPU.ActiveCfg = Debug|Any CPU
		{7F01140B-E725-4B66-B164-1F04DD225EAE}.Debug|Any CPU.Build.0 = Debug|Any CPU
		{7F01140B-E725-4B66-B164-1F04DD225EAE}.Release|Any CPU.ActiveCfg = Release|Any CPU
		{7F01140B-E725-4B66-B164-1F04DD225EAE}.Release|Any CPU.Build.0 = Release|Any CPU
		{0AF77866-8883-4C5D-9F3C-DFF6ECF32A05}.Debug|Any CPU.ActiveCfg = Debug|Any CPU
		{0AF77866-8883-4C5D-9F3C-DFF6ECF32A05}.Debug|Any CPU.Build.0 = Debug|Any CPU
		{0AF77866-8883-4C5D-9F3C-DFF6ECF32A05}.Release|Any CPU.ActiveCfg = Release|Any CPU
		{0AF77866-8883-4C5D-9F3C-DFF6ECF32A05}.Release|Any CPU.Build.0 = Release|Any CPU
		{39C98F78-2A7A-4954-AAC3-856206662CD9}.Debug|Any CPU.ActiveCfg = Debug|Any CPU
		{39C98F78-2A7A-4954-AAC3-856206662CD9}.Debug|Any CPU.Build.0 = Debug|Any CPU
		{39C98F78-2A7A-4954-AAC3-856206662CD9}.Release|Any CPU.ActiveCfg = Release|Any CPU
		{39C98F78-2A7A-4954-AAC3-856206662CD9}.Release|Any CPU.Build.0 = Release|Any CPU
		{14E3FE76-4313-41F3-963F-5FF28112412E}.Debug|Any CPU.ActiveCfg = Debug|Any CPU
		{14E3FE76-4313-41F3-963F-5FF28112412E}.Debug|Any CPU.Build.0 = Debug|Any CPU
		{14E3FE76-4313-41F3-963F-5FF28112412E}.Release|Any CPU.ActiveCfg = Release|Any CPU
		{14E3FE76-4313-41F3-963F-5FF28112412E}.Release|Any CPU.Build.0 = Release|Any CPU
		{D748C02B-AC30-49CC-853C-F7488ADEE56E}.Debug|Any CPU.ActiveCfg = Debug|Any CPU
		{D748C02B-AC30-49CC-853C-F7488ADEE56E}.Debug|Any CPU.Build.0 = Debug|Any CPU
		{D748C02B-AC30-49CC-853C-F7488ADEE56E}.Release|Any CPU.ActiveCfg = Release|Any CPU
		{D748C02B-AC30-49CC-853C-F7488ADEE56E}.Release|Any CPU.Build.0 = Release|Any CPU
	EndGlobalSection
	GlobalSection(SolutionProperties) = preSolution
		HideSolutionNode = FALSE
	EndGlobalSection
	GlobalSection(NestedProjects) = preSolution
		{B6D31D27-91AE-4EB0-BDFB-B2ED28653F85} = {02EA681E-C7D8-13C7-8484-4AC65E1B71E8}
		{124CC9D0-3D40-4164-A1E7-D26548D65001} = {02EA681E-C7D8-13C7-8484-4AC65E1B71E8}
		{72DC78EC-9E03-4910-A86F-364D1EFDFA8F} = {02EA681E-C7D8-13C7-8484-4AC65E1B71E8}
		{7F01140B-E725-4B66-B164-1F04DD225EAE} = {02EA681E-C7D8-13C7-8484-4AC65E1B71E8}
		{0AF77866-8883-4C5D-9F3C-DFF6ECF32A05} = {02EA681E-C7D8-13C7-8484-4AC65E1B71E8}
		{39C98F78-2A7A-4954-AAC3-856206662CD9} = {EFDAB8CE-9603-461A-B27D-8AF112180C4B}
		{14E3FE76-4313-41F3-963F-5FF28112412E} = {B337CA00-C59A-4FBA-AEB7-85D8EE35EC31}
		{D748C02B-AC30-49CC-853C-F7488ADEE56E} = {E1D61CA7-C56E-4282-8FD8-E838BC1087B0}
	EndGlobalSection
	GlobalSection(ExtensibilityGlobals) = postSolution
		SolutionGuid = {B19D3B20-F3E3-42A2-9063-3E7B9AC7DCF1}
	EndGlobalSection
EndGlobal
